
Microsoft Visual Studio Solution File, Format Version 12.00
# Visual Studio Version 17
VisualStudioVersion = 17.4.33213.308
MinimumVisualStudioVersion = 10.0.40219.1
Project("{FAE04EC0-301F-11D3-BF4B-00C04F79EFBC}") = "PrototipoTCC", "PrototipoTCC\PrototipoTCC.csproj", "{7BEB87CE-C67F-4131-8E59-0A2B92A0A740}"
EndProject
Project("{2150E333-8FDC-42A3-9474-1A3956D46DE8}") = "Itens de Solução", "Itens de Solução", "{0162C6B3-EEC3-4D85-8DC2-704833E745AD}"
	ProjectSection(SolutionItems) = preProject
		.gitignore = .gitignore
	EndProjectSection
EndProject
Global
	GlobalSection(SolutionConfigurationPlatforms) = preSolution
		Debug|Any CPU = Debug|Any CPU
		Release|Any CPU = Release|Any CPU
	EndGlobalSection
	GlobalSection(ProjectConfigurationPlatforms) = postSolution
		{7BEB87CE-C67F-4131-8E59-0A2B92A0A740}.Debug|Any CPU.ActiveCfg = Debug|Any CPU
		{7BEB87CE-C67F-4131-8E59-0A2B92A0A740}.Debug|Any CPU.Build.0 = Debug|Any CPU
		{7BEB87CE-C67F-4131-8E59-0A2B92A0A740}.Release|Any CPU.ActiveCfg = Release|Any CPU
		{7BEB87CE-C67F-4131-8E59-0A2B92A0A740}.Release|Any CPU.Build.0 = Release|Any CPU
	EndGlobalSection
	GlobalSection(SolutionProperties) = preSolution
		HideSolutionNode = FALSE
	EndGlobalSection
	GlobalSection(ExtensibilityGlobals) = postSolution
		SolutionGuid = {4F40D1EC-F849-4134-9940-07F521074DF3}
	EndGlobalSection
EndGlobal
